
Microsoft Visual Studio Solution File, Format Version 12.00
# Visual Studio Version 17
VisualStudioVersion = 17.0.31912.275
MinimumVisualStudioVersion = 10.0.40219.1
Project("{9A19103F-16F7-4668-BE54-9A1E7A4F7556}") = "AggregateRoot", "AggregateRoot\AggregateRoot.csproj", "{468B61FC-BE96-4CA0-92A4-5B5141186A10}"
EndProject
Project("{9A19103F-16F7-4668-BE54-9A1E7A4F7556}") = "UnitTests", "Tests\UnitTests\UnitTests.csproj", "{EA945969-4E97-4EBE-943B-2AAC032A7BE7}"
EndProject
Project("{9A19103F-16F7-4668-BE54-9A1E7A4F7556}") = "Contract", "Contract\Contract.csproj", "{FD553B35-1751-4497-9C6C-95A22A44CEBD}"
EndProject
Project("{FAE04EC0-301F-11D3-BF4B-00C04F79EFBC}") = "ContractTests", "Tests\ContractTests\ContractTests.csproj", "{DCC0D56E-7C90-4B4F-A719-34ABC4863649}"
EndProject
Project("{FAE04EC0-301F-11D3-BF4B-00C04F79EFBC}") = "ComponentTests", "Tests\ComponentTests\ComponentTests.csproj", "{57C9EDFD-7585-4AA7-8006-FA81C3AE77A1}"
EndProject
Project("{2150E333-8FDC-42A3-9474-1A3956D46DE8}") = "Tests", "Tests", "{54BB79C2-1C31-4AA3-84F5-E0CEED57AB0F}"
EndProject
Project("{FAE04EC0-301F-11D3-BF4B-00C04F79EFBC}") = "API", "API\API.csproj", "{58FC4FD0-6F39-423A-BFA7-53FB67829E35}"
EndProject
Global
	GlobalSection(SolutionConfigurationPlatforms) = preSolution
		Debug|Any CPU = Debug|Any CPU
		Release|Any CPU = Release|Any CPU
	EndGlobalSection
	GlobalSection(ProjectConfigurationPlatforms) = postSolution
		{468B61FC-BE96-4CA0-92A4-5B5141186A10}.Debug|Any CPU.ActiveCfg = Debug|Any CPU
		{468B61FC-BE96-4CA0-92A4-5B5141186A10}.Debug|Any CPU.Build.0 = Debug|Any CPU
		{468B61FC-BE96-4CA0-92A4-5B5141186A10}.Release|Any CPU.ActiveCfg = Release|Any CPU
		{468B61FC-BE96-4CA0-92A4-5B5141186A10}.Release|Any CPU.Build.0 = Release|Any CPU
		{EA945969-4E97-4EBE-943B-2AAC032A7BE7}.Debug|Any CPU.ActiveCfg = Debug|Any CPU
		{EA945969-4E97-4EBE-943B-2AAC032A7BE7}.Debug|Any CPU.Build.0 = Debug|Any CPU
		{EA945969-4E97-4EBE-943B-2AAC032A7BE7}.Release|Any CPU.ActiveCfg = Release|Any CPU
		{EA945969-4E97-4EBE-943B-2AAC032A7BE7}.Release|Any CPU.Build.0 = Release|Any CPU
		{FD553B35-1751-4497-9C6C-95A22A44CEBD}.Debug|Any CPU.ActiveCfg = Debug|Any CPU
		{FD553B35-1751-4497-9C6C-95A22A44CEBD}.Debug|Any CPU.Build.0 = Debug|Any CPU
		{FD553B35-1751-4497-9C6C-95A22A44CEBD}.Release|Any CPU.ActiveCfg = Release|Any CPU
		{FD553B35-1751-4497-9C6C-95A22A44CEBD}.Release|Any CPU.Build.0 = Release|Any CPU
		{DCC0D56E-7C90-4B4F-A719-34ABC4863649}.Debug|Any CPU.ActiveCfg = Debug|Any CPU
		{DCC0D56E-7C90-4B4F-A719-34ABC4863649}.Debug|Any CPU.Build.0 = Debug|Any CPU
		{DCC0D56E-7C90-4B4F-A719-34ABC4863649}.Release|Any CPU.ActiveCfg = Release|Any CPU
		{DCC0D56E-7C90-4B4F-A719-34ABC4863649}.Release|Any CPU.Build.0 = Release|Any CPU
		{57C9EDFD-7585-4AA7-8006-FA81C3AE77A1}.Debug|Any CPU.ActiveCfg = Debug|Any CPU
		{57C9EDFD-7585-4AA7-8006-FA81C3AE77A1}.Debug|Any CPU.Build.0 = Debug|Any CPU
		{57C9EDFD-7585-4AA7-8006-FA81C3AE77A1}.Release|Any CPU.ActiveCfg = Release|Any CPU
		{57C9EDFD-7585-4AA7-8006-FA81C3AE77A1}.Release|Any CPU.Build.0 = Release|Any CPU
		{58FC4FD0-6F39-423A-BFA7-53FB67829E35}.Debug|Any CPU.ActiveCfg = Debug|Any CPU
		{58FC4FD0-6F39-423A-BFA7-53FB67829E35}.Debug|Any CPU.Build.0 = Debug|Any CPU
		{58FC4FD0-6F39-423A-BFA7-53FB67829E35}.Release|Any CPU.ActiveCfg = Release|Any CPU
		{58FC4FD0-6F39-423A-BFA7-53FB67829E35}.Release|Any CPU.Build.0 = Release|Any CPU
	EndGlobalSection
	GlobalSection(SolutionProperties) = preSolution
		HideSolutionNode = FALSE
	EndGlobalSection
	GlobalSection(NestedProjects) = preSolution
		{EA945969-4E97-4EBE-943B-2AAC032A7BE7} = {54BB79C2-1C31-4AA3-84F5-E0CEED57AB0F}
		{DCC0D56E-7C90-4B4F-A719-34ABC4863649} = {54BB79C2-1C31-4AA3-84F5-E0CEED57AB0F}
		{57C9EDFD-7585-4AA7-8006-FA81C3AE77A1} = {54BB79C2-1C31-4AA3-84F5-E0CEED57AB0F}
	EndGlobalSection
	GlobalSection(ExtensibilityGlobals) = postSolution
		SolutionGuid = {F2D65AB3-6C85-46BA-9553-CBD8530ADA0B}
	EndGlobalSection
EndGlobal
